
Microsoft Visual Studio Solution File, Format Version 12.00
# Visual Studio Version 17
VisualStudioVersion = 17.10.35013.160
MinimumVisualStudioVersion = 10.0.40219.1
Project("{FAE04EC0-301F-11D3-BF4B-00C04F79EFBC}") = "IndustrialSolutions", "ASA\IndustrialSolutions.csproj", "{D5E93A55-84C3-4C77-B53B-71BFC5DA75CD}"
EndProject
Global
	GlobalSection(SolutionConfigurationPlatforms) = preSolution
		Debug|Any CPU = Debug|Any CPU
		Release|Any CPU = Release|Any CPU
	EndGlobalSection
	GlobalSection(ProjectConfigurationPlatforms) = postSolution
		{D5E93A55-84C3-4C77-B53B-71BFC5DA75CD}.Debug|Any CPU.ActiveCfg = Debug|Any CPU
		{D5E93A55-84C3-4C77-B53B-71BFC5DA75CD}.Debug|Any CPU.Build.0 = Debug|Any CPU
		{D5E93A55-84C3-4C77-B53B-71BFC5DA75CD}.Release|Any CPU.ActiveCfg = Release|Any CPU
		{D5E93A55-84C3-4C77-B53B-71BFC5DA75CD}.Release|Any CPU.Build.0 = Release|Any CPU
	EndGlobalSection
	GlobalSection(SolutionProperties) = preSolution
		HideSolutionNode = FALSE
	EndGlobalSection
	GlobalSection(ExtensibilityGlobals) = postSolution
		SolutionGuid = {1404F73C-FE72-4737-BD1F-EF51AC82282C}
	EndGlobalSection
EndGlobal
